
Microsoft Visual Studio Solution File, Format Version 12.00
# Visual Studio 2012
Project("{FAE04EC0-301F-11D3-BF4B-00C04F79EFBC}") = "UnReLoader2012", "UnReLoader2012\UnReLoader2012.csproj", "{5FD0525C-A64B-4B85-A579-258F49C5EEA0}"
EndProject
Global
	GlobalSection(SolutionConfigurationPlatforms) = preSolution
		Debug|Any CPU = Debug|Any CPU
		Release|Any CPU = Release|Any CPU
	EndGlobalSection
	GlobalSection(ProjectConfigurationPlatforms) = postSolution
		{5FD0525C-A64B-4B85-A579-258F49C5EEA0}.Debug|Any CPU.ActiveCfg = Debug|Any CPU
		{5FD0525C-A64B-4B85-A579-258F49C5EEA0}.Debug|Any CPU.Build.0 = Debug|Any CPU
		{5FD0525C-A64B-4B85-A579-258F49C5EEA0}.Release|Any CPU.ActiveCfg = Release|Any CPU
		{5FD0525C-A64B-4B85-A579-258F49C5EEA0}.Release|Any CPU.Build.0 = Release|Any CPU
	EndGlobalSection
	GlobalSection(SolutionProperties) = preSolution
		HideSolutionNode = FALSE
	EndGlobalSection
EndGlobal
